// !$*UTF8*$!
{
	archiveVersion = 1;
	classes = {
	};
	objectVersion = 46;
	objects = {

/* Begin PBXBuildFile section */
		4AD5E5041D24F27F00948361 /* main.m in Sources */ = {isa = PBXBuildFile; fileRef = 4AD5E5031D24F27F00948361 /* main.m */; };
		4AD5E5071D24F27F00948361 /* AppDelegate.m in Sources */ = {isa = PBXBuildFile; fileRef = 4AD5E5061D24F27F00948361 /* AppDelegate.m */; };
		4AD5E50A1D24F27F00948361 /* ViewController.m in Sources */ = {isa = PBXBuildFile; fileRef = 4AD5E5091D24F27F00948361 /* ViewController.m */; };
		4AD5E50D1D24F27F00948361 /* Main.storyboard in Resources */ = {isa = PBXBuildFile; fileRef = 4AD5E50B1D24F27F00948361 /* Main.storyboard */; };
		4AD5E5101D24F27F00948361 /* LLGuidePageDemo.xcdatamodeld in Sources */ = {isa = PBXBuildFile; fileRef = 4AD5E50E1D24F27F00948361 /* LLGuidePageDemo.xcdatamodeld */; };
		4AD5E5121D24F27F00948361 /* Assets.xcassets in Resources */ = {isa = PBXBuildFile; fileRef = 4AD5E5111D24F27F00948361 /* Assets.xcassets */; };
		4AD5E5151D24F27F00948361 /* LaunchScreen.storyboard in Resources */ = {isa = PBXBuildFile; fileRef = 4AD5E5131D24F27F00948361 /* LaunchScreen.storyboard */; };
		4AD5E51E1D24F2AB00948361 /* LLGuidPageViewController.m in Sources */ = {isa = PBXBuildFile; fileRef = 4AD5E51D1D24F2AB00948361 /* LLGuidPageViewController.m */; };
		4AD5E5211D24F2FF00948361 /* LLPageCollectionViewCell.m in Sources */ = {isa = PBXBuildFile; fileRef = 4AD5E5201D24F2FF00948361 /* LLPageCollectionViewCell.m */; };
		4AD5E5271D24F49D00948361 /* first@2x.jpeg in Resources */ = {isa = PBXBuildFile; fileRef = 4AD5E5231D24F49D00948361 /* first@2x.jpeg */; };
		4AD5E5281D24F49D00948361 /* fourth@2x.jpeg in Resources */ = {isa = PBXBuildFile; fileRef = 4AD5E5241D24F49D00948361 /* fourth@2x.jpeg */; };
		4AD5E5291D24F49D00948361 /* second@2x.jpeg in Resources */ = {isa = PBXBuildFile; fileRef = 4AD5E5251D24F49D00948361 /* second@2x.jpeg */; };
		4AD5E52A1D24F49D00948361 /* three@2x.jpeg in Resources */ = {isa = PBXBuildFile; fileRef = 4AD5E5261D24F49D00948361 /* three@2x.jpeg */; };
/* End PBXBuildFile section */

/* Begin PBXFileReference section */
		4AD5E4FF1D24F27F00948361 /* LLGuidePageDemo.app */ = {isa = PBXFileReference; explicitFileType = wrapper.application; includeInIndex = 0; path = LLGuidePageDemo.app; sourceTree = BUILT_PRODUCTS_DIR; };
		4AD5E5031D24F27F00948361 /* main.m */ = {isa = PBXFileReference; lastKnownFileType = sourcecode.c.objc; path = main.m; sourceTree = "<group>"; };
		4AD5E5051D24F27F00948361 /* AppDelegate.h */ = {isa = PBXFileReference; lastKnownFileType = sourcecode.c.h; path = AppDelegate.h; sourceTree = "<group>"; };
		4AD5E5061D24F27F00948361 /* AppDelegate.m */ = {isa = PBXFileReference; lastKnownFileType = sourcecode.c.objc; path = AppDelegate.m; sourceTree = "<group>"; };
		4AD5E5081D24F27F00948361 /* ViewController.h */ = {isa = PBXFileReference; lastKnownFileType = sourcecode.c.h; path = ViewController.h; sourceTree = "<group>"; };
		4AD5E5091D24F27F00948361 /* ViewController.m */ = {isa = PBXFileReference; lastKnownFileType = sourcecode.c.objc; path = ViewController.m; sourceTree = "<group>"; };
		4AD5E50C1D24F27F00948361 /* Base */ = {isa = PBXFileReference; lastKnownFileType = file.storyboard; name = Base; path = Base.lproj/Main.storyboard; sourceTree = "<group>"; };
		4AD5E50F1D24F27F00948361 /* LLGuidePageDemo.xcdatamodel */ = {isa = PBXFileReference; lastKnownFileType = wrapper.xcdatamodel; path = LLGuidePageDemo.xcdatamodel; sourceTree = "<group>"; };
		4AD5E5111D24F27F00948361 /* Assets.xcassets */ = {isa = PBXFileReference; lastKnownFileType = folder.assetcatalog; path = Assets.xcassets; sourceTree = "<group>"; };
		4AD5E5141D24F27F00948361 /* Base */ = {isa = PBXFileReference; lastKnownFileType = file.storyboard; name = Base; path = Base.lproj/LaunchScreen.storyboard; sourceTree = "<group>"; };
		4AD5E5161D24F27F00948361 /* Info.plist */ = {isa = PBXFileReference; lastKnownFileType = text.plist.xml; path = Info.plist; sourceTree = "<group>"; };
		4AD5E51C1D24F2AB00948361 /* LLGuidPageViewController.h */ = {isa = PBXFileReference; fileEncoding = 4; lastKnownFileType = sourcecode.c.h; path = LLGuidPageViewController.h; sourceTree = "<group>"; };
		4AD5E51D1D24F2AB00948361 /* LLGuidPageViewController.m */ = {isa = PBXFileReference; fileEncoding = 4; lastKnownFileType = sourcecode.c.objc; path = LLGuidPageViewController.m; sourceTree = "<group>"; };
		4AD5E51F1D24F2FF00948361 /* LLPageCollectionViewCell.h */ = {isa = PBXFileReference; fileEncoding = 4; lastKnownFileType = sourcecode.c.h; name = LLPageCollectionViewCell.h; path = ../LLPageCollectionViewCell.h; sourceTree = "<group>"; };
		4AD5E5201D24F2FF00948361 /* LLPageCollectionViewCell.m */ = {isa = PBXFileReference; fileEncoding = 4; lastKnownFileType = sourcecode.c.objc; name = LLPageCollectionViewCell.m; path = ../LLPageCollectionViewCell.m; sourceTree = "<group>"; };
		4AD5E5231D24F49D00948361 /* first@2x.jpeg */ = {isa = PBXFileReference; lastKnownFileType = image.jpeg; path = "first@2x.jpeg"; sourceTree = "<group>"; };
		4AD5E5241D24F49D00948361 /* fourth@2x.jpeg */ = {isa = PBXFileReference; lastKnownFileType = image.jpeg; path = "fourth@2x.jpeg"; sourceTree = "<group>"; };
		4AD5E5251D24F49D00948361 /* second@2x.jpeg */ = {isa = PBXFileReference; lastKnownFileType = image.jpeg; path = "second@2x.jpeg"; sourceTree = "<group>"; };
		4AD5E5261D24F49D00948361 /* three@2x.jpeg */ = {isa = PBXFileReference; lastKnownFileType = image.jpeg; path = "three@2x.jpeg"; sourceTree = "<group>"; };
/* End PBXFileReference section */

/* Begin PBXFrameworksBuildPhase section */
		4AD5E4FC1D24F27F00948361 /* Frameworks */ = {
			isa = PBXFrameworksBuildPhase;
			buildActionMask = 2147483647;
			files = (
			);
			runOnlyForDeploymentPostprocessing = 0;
		};
/* End PBXFrameworksBuildPhase section */

/* Begin PBXGroup section */
		4AD5E4F61D24F27F00948361 = {
			isa = PBXGroup;
			children = (
				4AD5E5221D24F49D00948361 /* images */,
				4AD5E5011D24F27F00948361 /* LLGuidePageDemo */,
				4AD5E5001D24F27F00948361 /* Products */,
			);
			sourceTree = "<group>";
		};
		4AD5E5001D24F27F00948361 /* Products */ = {
			isa = PBXGroup;
			children = (
				4AD5E4FF1D24F27F00948361 /* LLGuidePageDemo.app */,
			);
			name = Products;
			sourceTree = "<group>";
		};
		4AD5E5011D24F27F00948361 /* LLGuidePageDemo */ = {
			isa = PBXGroup;
			children = (
				4AD5E5051D24F27F00948361 /* AppDelegate.h */,
				4AD5E5061D24F27F00948361 /* AppDelegate.m */,
				4AD5E5081D24F27F00948361 /* ViewController.h */,
				4AD5E5091D24F27F00948361 /* ViewController.m */,
				4AD5E50B1D24F27F00948361 /* Main.storyboard */,
				4AD5E5111D24F27F00948361 /* Assets.xcassets */,
				4AD5E5131D24F27F00948361 /* LaunchScreen.storyboard */,
				4AD5E5161D24F27F00948361 /* Info.plist */,
				4AD5E50E1D24F27F00948361 /* LLGuidePageDemo.xcdatamodeld */,
				4AD5E5021D24F27F00948361 /* Supporting Files */,
				4AD5E51C1D24F2AB00948361 /* LLGuidPageViewController.h */,
				4AD5E51D1D24F2AB00948361 /* LLGuidPageViewController.m */,
				4AD5E51F1D24F2FF00948361 /* LLPageCollectionViewCell.h */,
				4AD5E5201D24F2FF00948361 /* LLPageCollectionViewCell.m */,
			);
			path = LLGuidePageDemo;
			sourceTree = "<group>";
		};
		4AD5E5021D24F27F00948361 /* Supporting Files */ = {
			isa = PBXGroup;
			children = (
				4AD5E5031D24F27F00948361 /* main.m */,
			);
			name = "Supporting Files";
			sourceTree = "<group>";
		};
		4AD5E5221D24F49D00948361 /* images */ = {
			isa = PBXGroup;
			children = (
				4AD5E5231D24F49D00948361 /* first@2x.jpeg */,
				4AD5E5241D24F49D00948361 /* fourth@2x.jpeg */,
				4AD5E5251D24F49D00948361 /* second@2x.jpeg */,
				4AD5E5261D24F49D00948361 /* three@2x.jpeg */,
			);
			path = images;
			sourceTree = "<group>";
		};
/* End PBXGroup section */

/* Begin PBXNativeTarget section */
		4AD5E4FE1D24F27F00948361 /* LLGuidePageDemo */ = {
			isa = PBXNativeTarget;
			buildConfigurationList = 4AD5E5191D24F27F00948361 /* Build configuration list for PBXNativeTarget "LLGuidePageDemo" */;
			buildPhases = (
				4AD5E4FB1D24F27F00948361 /* Sources */,
				4AD5E4FC1D24F27F00948361 /* Frameworks */,
				4AD5E4FD1D24F27F00948361 /* Resources */,
			);
			buildRules = (
			);
			dependencies = (
			);
			name = LLGuidePageDemo;
			productName = LLGuidePageDemo;
			productReference = 4AD5E4FF1D24F27F00948361 /* LLGuidePageDemo.app */;
			productType = "com.apple.product-type.application";
		};
/* End PBXNativeTarget section */

/* Begin PBXProject section */
		4AD5E4F71D24F27F00948361 /* Project object */ = {
			isa = PBXProject;
			attributes = {
				LastUpgradeCheck = 0720;
				ORGANIZATIONNAME = "王威";
				TargetAttributes = {
					4AD5E4FE1D24F27F00948361 = {
						CreatedOnToolsVersion = 7.2;
					};
				};
			};
			buildConfigurationList = 4AD5E4FA1D24F27F00948361 /* Build configuration list for PBXProject "LLGuidePageDemo" */;
			compatibilityVersion = "Xcode 3.2";
			developmentRegion = English;
			hasScannedForEncodings = 0;
			knownRegions = (
				en,
				Base,
			);
			mainGroup = 4AD5E4F61D24F27F00948361;
			productRefGroup = 4AD5E5001D24F27F00948361 /* Products */;
			projectDirPath = "";
			projectRoot = "";
			targets = (
				4AD5E4FE1D24F27F00948361 /* LLGuidePageDemo */,
			);
		};
/* End PBXProject section */

/* Begin PBXResourcesBuildPhase section */
		4AD5E4FD1D24F27F00948361 /* Resources */ = {
			isa = PBXResourcesBuildPhase;
			buildActionMask = 2147483647;
			files = (
				4AD5E5151D24F27F00948361 /* LaunchScreen.storyboard in Resources */,
				4AD5E5121D24F27F00948361 /* Assets.xcassets in Resources */,
				4AD5E5281D24F49D00948361 /* fourth@2x.jpeg in Resources */,
				4AD5E52A1D24F49D00948361 /* three@2x.jpeg in Resources */,
				4AD5E50D1D24F27F00948361 /* Main.storyboard in Resources */,
				4AD5E5291D24F49D00948361 /* second@2x.jpeg in Resources */,
				4AD5E5271D24F49D00948361 /* first@2x.jpeg in Resources */,
			);
			runOnlyForDeploymentPostprocessing = 0;
		};
/* End PBXResourcesBuildPhase section */

/* Begin PBXSourcesBuildPhase section */
		4AD5E4FB1D24F27F00948361 /* Sources */ = {
			isa = PBXSourcesBuildPhase;
			buildActionMask = 2147483647;
			files = (
				4AD5E51E1D24F2AB00948361 /* LLGuidPageViewController.m in Sources */,
				4AD5E5211D24F2FF00948361 /* LLPageCollectionViewCell.m in Sources */,
				4AD5E5101D24F27F00948361 /* LLGuidePageDemo.xcdatamodeld in Sources */,
				4AD5E50A1D24F27F00948361 /* ViewController.m in Sources */,
				4AD5E5071D24F27F00948361 /* AppDelegate.m in Sources */,
				4AD5E5041D24F27F00948361 /* main.m in Sources */,
			);
			runOnlyForDeploymentPostprocessing = 0;
		};
/* End PBXSourcesBuildPhase section */

/* Begin PBXVariantGroup section */
		4AD5E50B1D24F27F00948361 /* Main.storyboard */ = {
			isa = PBXVariantGroup;
			children = (
				4AD5E50C1D24F27F00948361 /* Base */,
			);
			name = Main.storyboard;
			sourceTree = "<group>";
		};
		4AD5E5131D24F27F00948361 /* LaunchScreen.storyboard */ = {
			isa = PBXVariantGroup;
			children = (
				4AD5E5141D24F27F00948361 /* Base */,
			);
			name = LaunchScreen.storyboard;
			sourceTree = "<group>";
		};
/* End PBXVariantGroup section */

/* Begin XCBuildConfiguration section */
		4AD5E5171D24F27F00948361 /* Debug */ = {
			isa = XCBuildConfiguration;
			buildSettings = {
				ALWAYS_SEARCH_USER_PATHS = NO;
				CLANG_CXX_LANGUAGE_STANDARD = "gnu++0x";
				CLANG_CXX_LIBRARY = "libc++";
				CLANG_ENABLE_MODULES = YES;
				CLANG_ENABLE_OBJC_ARC = YES;
				CLANG_WARN_BOOL_CONVERSION = YES;
				CLANG_WARN_CONSTANT_CONVERSION = YES;
				CLANG_WARN_DIRECT_OBJC_ISA_USAGE = YES_ERROR;
				CLANG_WARN_EMPTY_BODY = YES;
				CLANG_WARN_ENUM_CONVERSION = YES;
				CLANG_WARN_INT_CONVERSION = YES;
				CLANG_WARN_OBJC_ROOT_CLASS = YES_ERROR;
				CLANG_WARN_UNREACHABLE_CODE = YES;
				CLANG_WARN__DUPLICATE_METHOD_MATCH = YES;
				"CODE_SIGN_IDENTITY[sdk=iphoneos*]" = "iPhone Developer";
				COPY_PHASE_STRIP = NO;
				DEBUG_INFORMATION_FORMAT = dwarf;
				ENABLE_STRICT_OBJC_MSGSEND = YES;
				ENABLE_TESTABILITY = YES;
				GCC_C_LANGUAGE_STANDARD = gnu99;
				GCC_DYNAMIC_NO_PIC = NO;
				GCC_NO_COMMON_BLOCKS = YES;
				GCC_OPTIMIZATION_LEVEL = 0;
				GCC_PREPROCESSOR_DEFINITIONS = (
					"DEBUG=1",
					"$(inherited)",
				);
				GCC_WARN_64_TO_32_BIT_CONVERSION = YES;
				GCC_WARN_ABOUT_RETURN_TYPE = YES_ERROR;
				GCC_WARN_UNDECLARED_SELECTOR = YES;
				GCC_WARN_UNINITIALIZED_AUTOS = YES_AGGRESSIVE;
				GCC_WARN_UNUSED_FUNCTION = YES;
				GCC_WARN_UNUSED_VARIABLE = YES;
				IPHONEOS_DEPLOYMENT_TARGET = 9.2;
				MTL_ENABLE_DEBUG_INFO = YES;
				ONLY_ACTIVE_ARCH = YES;
				SDKROOT = iphoneos;
			};
			name = Debug;
		};
		4AD5E5181D24F27F00948361 /* Release */ = {
			isa = XCBuildConfiguration;
			buildSettings = {
				ALWAYS_SEARCH_USER_PATHS = NO;
				CLANG_CXX_LANGUAGE_STANDARD = "gnu++0x";
				CLANG_CXX_LIBRARY = "libc++";
				CLANG_ENABLE_MODULES = YES;
				CLANG_ENABLE_OBJC_ARC = YES;
				CLANG_WARN_BOOL_CONVERSION = YES;
				CLANG_WARN_CONSTANT_CONVERSION = YES;
				CLANG_WARN_DIRECT_OBJC_ISA_USAGE = YES_ERROR;
				CLANG_WARN_EMPTY_BODY = YES;
				CLANG_WARN_ENUM_CONVERSION = YES;
				CLANG_WARN_INT_CONVERSION = YES;
				CLANG_WARN_OBJC_ROOT_CLASS = YES_ERROR;
				CLANG_WARN_UNREACHABLE_CODE = YES;
				CLANG_WARN__DUPLICATE_METHOD_MATCH = YES;
				"CODE_SIGN_IDENTITY[sdk=iphoneos*]" = "iPhone Developer";
				COPY_PHASE_STRIP = NO;
				DEBUG_INFORMATION_FORMAT = "dwarf-with-dsym";
				ENABLE_NS_ASSERTIONS = NO;
				ENABLE_STRICT_OBJC_MSGSEND = YES;
				GCC_C_LANGUAGE_STANDARD = gnu99;
				GCC_NO_COMMON_BLOCKS = YES;
				GCC_WARN_64_TO_32_BIT_CONVERSION = YES;
				GCC_WARN_ABOUT_RETURN_TYPE = YES_ERROR;
				GCC_WARN_UNDECLARED_SELECTOR = YES;
				GCC_WARN_UNINITIALIZED_AUTOS = YES_AGGRESSIVE;
				GCC_WARN_UNUSED_FUNCTION = YES;
				GCC_WARN_UNUSED_VARIABLE = YES;
				IPHONEOS_DEPLOYMENT_TARGET = 9.2;
				MTL_ENABLE_DEBUG_INFO = NO;
				SDKROOT = iphoneos;
				VALIDATE_PRODUCT = YES;
			};
			name = Release;
		};
		4AD5E51A1D24F27F00948361 /* Debug */ = {
			isa = XCBuildConfiguration;
			buildSettings = {
				ASSETCATALOG_COMPILER_APPICON_NAME = AppIcon;
				INFOPLIST_FILE = LLGuidePageDemo/Info.plist;
				LD_RUNPATH_SEARCH_PATHS = "$(inherited) @executable_path/Frameworks";
				PRODUCT_BUNDLE_IDENTIFIER = com.yisheng.LLGuidePageDemo;
				PRODUCT_NAME = "$(TARGET_NAME)";
			};
			name = Debug;
		};
		4AD5E51B1D24F27F00948361 /* Release */ = {
			isa = XCBuildConfiguration;
			buildSettings = {
				ASSETCATALOG_COMPILER_APPICON_NAME = AppIcon;
				INFOPLIST_FILE = LLGuidePageDemo/Info.plist;
				LD_RUNPATH_SEARCH_PATHS = "$(inherited) @executable_path/Frameworks";
				PRODUCT_BUNDLE_IDENTIFIER = com.yisheng.LLGuidePageDemo;
				PRODUCT_NAME = "$(TARGET_NAME)";
			};
			name = Release;
		};
/* End XCBuildConfiguration section */

/* Begin XCConfigurationList section */
		4AD5E4FA1D24F27F00948361 /* Build configuration list for PBXProject "LLGuidePageDemo" */ = {
			isa = XCConfigurationList;
			buildConfigurations = (
				4AD5E5171D24F27F00948361 /* Debug */,
				4AD5E5181D24F27F00948361 /* Release */,
			);
			defaultConfigurationIsVisible = 0;
			defaultConfigurationName = Release;
		};
		4AD5E5191D24F27F00948361 /* Build configuration list for PBXNativeTarget "LLGuidePageDemo" */ = {
			isa = XCConfigurationList;
			buildConfigurations = (
				4AD5E51A1D24F27F00948361 /* Debug */,
				4AD5E51B1D24F27F00948361 /* Release */,
			);
			defaultConfigurationIsVisible = 0;
		};
/* End XCConfigurationList section */

/* Begin XCVersionGroup section */
		4AD5E50E1D24F27F00948361 /* LLGuidePageDemo.xcdatamodeld */ = {
			isa = XCVersionGroup;
			children = (
				4AD5E50F1D24F27F00948361 /* LLGuidePageDemo.xcdatamodel */,
			);
			currentVersion = 4AD5E50F1D24F27F00948361 /* LLGuidePageDemo.xcdatamodel */;
			path = LLGuidePageDemo.xcdatamodeld;
			sourceTree = "<group>";
			versionGroupType = wrapper.xcdatamodel;
		};
/* End XCVersionGroup section */
	};
	rootObject = 4AD5E4F71D24F27F00948361 /* Project object */;
}
